
Microsoft Visual Studio Solution File, Format Version 12.00
# Visual Studio Version 16
VisualStudioVersion = 16.0.33927.289
MinimumVisualStudioVersion = 10.0.40219.1
Project("{8BC9CEB8-8B4A-11D0-8D11-00A0C91BC942}") = "LaserInterface2NN", "LaserInterface2NN.vcxproj", "{3FAD4DE2-1178-44C1-AFA6-E33630A2C18A}"
	ProjectSection(ProjectDependencies) = postProject
		{2B8ACA50-76DD-4077-9BA8-3498D262E1BD} = {2B8ACA50-76DD-4077-9BA8-3498D262E1BD}
	EndProjectSection
EndProject
Project("{8BC9CEB8-8B4A-11D0-8D11-00A0C91BC942}") = "TrumpLaserInterfaceDll", "TrumpfLaserInterfaceDLL\TrumpLaserInterfaceDll.vcxproj", "{2B8ACA50-76DD-4077-9BA8-3498D262E1BD}"
EndProject
Global
	GlobalSection(SolutionConfigurationPlatforms) = preSolution
		Debug|x64 = Debug|x64
		Debug|x86 = Debug|x86
		Release|x64 = Release|x64
		Release|x86 = Release|x86
	EndGlobalSection
	GlobalSection(ProjectConfigurationPlatforms) = postSolution
		{3FAD4DE2-1178-44C1-AFA6-E33630A2C18A}.Debug|x64.ActiveCfg = Debug|x64
		{3FAD4DE2-1178-44C1-AFA6-E33630A2C18A}.Debug|x64.Build.0 = Debug|x64
		{3FAD4DE2-1178-44C1-AFA6-E33630A2C18A}.Debug|x86.ActiveCfg = Debug|Win32
		{3FAD4DE2-1178-44C1-AFA6-E33630A2C18A}.Debug|x86.Build.0 = Debug|Win32
		{3FAD4DE2-1178-44C1-AFA6-E33630A2C18A}.Release|x64.ActiveCfg = Release|x64
		{3FAD4DE2-1178-44C1-AFA6-E33630A2C18A}.Release|x64.Build.0 = Release|x64
		{3FAD4DE2-1178-44C1-AFA6-E33630A2C18A}.Release|x86.ActiveCfg = Release|Win32
		{3FAD4DE2-1178-44C1-AFA6-E33630A2C18A}.Release|x86.Build.0 = Release|Win32
		{2B8ACA50-76DD-4077-9BA8-3498D262E1BD}.Debug|x64.ActiveCfg = Debug|x64
		{2B8ACA50-76DD-4077-9BA8-3498D262E1BD}.Debug|x64.Build.0 = Debug|x64
		{2B8ACA50-76DD-4077-9BA8-3498D262E1BD}.Debug|x86.ActiveCfg = Debug|Win32
		{2B8ACA50-76DD-4077-9BA8-3498D262E1BD}.Debug|x86.Build.0 = Debug|Win32
		{2B8ACA50-76DD-4077-9BA8-3498D262E1BD}.Release|x64.ActiveCfg = Release|x64
		{2B8ACA50-76DD-4077-9BA8-3498D262E1BD}.Release|x64.Build.0 = Release|x64
		{2B8ACA50-76DD-4077-9BA8-3498D262E1BD}.Release|x86.ActiveCfg = Release|Win32
		{2B8ACA50-76DD-4077-9BA8-3498D262E1BD}.Release|x86.Build.0 = Release|Win32
	EndGlobalSection
	GlobalSection(SolutionProperties) = preSolution
		HideSolutionNode = FALSE
	EndGlobalSection
	GlobalSection(ExtensibilityGlobals) = postSolution
		SolutionGuid = {B8510C84-1DCF-4FBF-A082-095D44D927D1}
	EndGlobalSection
EndGlobal
